
Microsoft Visual Studio Solution File, Format Version 12.00
# Visual Studio Version 16
VisualStudioVersion = 16.0.31624.102
MinimumVisualStudioVersion = 10.0.40219.1
Project("{FAE04EC0-301F-11D3-BF4B-00C04F79EFBC}") = "SistemaNotas", "SistemaNotas\SistemaNotas.csproj", "{E03D3A1F-15DB-4607-A27C-DB066A793E32}"
EndProject
Global
	GlobalSection(SolutionConfigurationPlatforms) = preSolution
		Debug|Any CPU = Debug|Any CPU
		Release|Any CPU = Release|Any CPU
	EndGlobalSection
	GlobalSection(ProjectConfigurationPlatforms) = postSolution
		{E03D3A1F-15DB-4607-A27C-DB066A793E32}.Debug|Any CPU.ActiveCfg = Debug|Any CPU
		{E03D3A1F-15DB-4607-A27C-DB066A793E32}.Debug|Any CPU.Build.0 = Debug|Any CPU
		{E03D3A1F-15DB-4607-A27C-DB066A793E32}.Release|Any CPU.ActiveCfg = Release|Any CPU
		{E03D3A1F-15DB-4607-A27C-DB066A793E32}.Release|Any CPU.Build.0 = Release|Any CPU
	EndGlobalSection
	GlobalSection(SolutionProperties) = preSolution
		HideSolutionNode = FALSE
	EndGlobalSection
	GlobalSection(ExtensibilityGlobals) = postSolution
		SolutionGuid = {8BD6AD39-84E8-4A9D-B4B4-87A9F37EBFF9}
	EndGlobalSection
EndGlobal
